
Microsoft Visual Studio Solution File, Format Version 12.00
# Visual Studio Version 17
VisualStudioVersion = 17.1.32421.90
MinimumVisualStudioVersion = 10.0.40219.1
Project("{FAE04EC0-301F-11D3-BF4B-00C04F79EFBC}") = "ExcelFileReader", "ExcelFileReader\ExcelFileReader.csproj", "{4C1B1352-AAF1-43DC-8B60-2B94BB240BF9}"
EndProject
Project("{FAE04EC0-301F-11D3-BF4B-00C04F79EFBC}") = "ExcelFileReaderTest", "ExcelFileReaderTest\ExcelFileReaderTest.csproj", "{ED2DF37B-B6AB-41DA-B3C6-FD57F9C63A74}"
EndProject
Global
	GlobalSection(SolutionConfigurationPlatforms) = preSolution
		Debug|Any CPU = Debug|Any CPU
		Release|Any CPU = Release|Any CPU
	EndGlobalSection
	GlobalSection(ProjectConfigurationPlatforms) = postSolution
		{4C1B1352-AAF1-43DC-8B60-2B94BB240BF9}.Debug|Any CPU.ActiveCfg = Debug|Any CPU
		{4C1B1352-AAF1-43DC-8B60-2B94BB240BF9}.Debug|Any CPU.Build.0 = Debug|Any CPU
		{4C1B1352-AAF1-43DC-8B60-2B94BB240BF9}.Release|Any CPU.ActiveCfg = Release|Any CPU
		{4C1B1352-AAF1-43DC-8B60-2B94BB240BF9}.Release|Any CPU.Build.0 = Release|Any CPU
		{ED2DF37B-B6AB-41DA-B3C6-FD57F9C63A74}.Debug|Any CPU.ActiveCfg = Debug|Any CPU
		{ED2DF37B-B6AB-41DA-B3C6-FD57F9C63A74}.Debug|Any CPU.Build.0 = Debug|Any CPU
		{ED2DF37B-B6AB-41DA-B3C6-FD57F9C63A74}.Release|Any CPU.ActiveCfg = Release|Any CPU
		{ED2DF37B-B6AB-41DA-B3C6-FD57F9C63A74}.Release|Any CPU.Build.0 = Release|Any CPU
	EndGlobalSection
	GlobalSection(SolutionProperties) = preSolution
		HideSolutionNode = FALSE
	EndGlobalSection
	GlobalSection(ExtensibilityGlobals) = postSolution
		SolutionGuid = {C6A562AF-4B72-4DE6-8205-6F86D1917CDB}
	EndGlobalSection
EndGlobal
